
Microsoft Visual Studio Solution File, Format Version 12.00
# Visual Studio Version 16
VisualStudioVersion = 16.0.31321.278
MinimumVisualStudioVersion = 10.0.40219.1
Project("{FAE04EC0-301F-11D3-BF4B-00C04F79EFBC}") = "Excel File Bangla To English", "Excel File Bangla To English\Excel File Bangla To English.csproj", "{8A85E36D-6FA9-405C-B1A1-F7F83CC9CAD2}"
EndProject
Global
	GlobalSection(SolutionConfigurationPlatforms) = preSolution
		Debug|Any CPU = Debug|Any CPU
		Release|Any CPU = Release|Any CPU
	EndGlobalSection
	GlobalSection(ProjectConfigurationPlatforms) = postSolution
		{8A85E36D-6FA9-405C-B1A1-F7F83CC9CAD2}.Debug|Any CPU.ActiveCfg = Debug|Any CPU
		{8A85E36D-6FA9-405C-B1A1-F7F83CC9CAD2}.Debug|Any CPU.Build.0 = Debug|Any CPU
		{8A85E36D-6FA9-405C-B1A1-F7F83CC9CAD2}.Release|Any CPU.ActiveCfg = Release|Any CPU
		{8A85E36D-6FA9-405C-B1A1-F7F83CC9CAD2}.Release|Any CPU.Build.0 = Release|Any CPU
	EndGlobalSection
	GlobalSection(SolutionProperties) = preSolution
		HideSolutionNode = FALSE
	EndGlobalSection
	GlobalSection(ExtensibilityGlobals) = postSolution
		SolutionGuid = {CD2CF0CE-0E62-4FBA-A5C0-37E1012D5F4B}
	EndGlobalSection
EndGlobal
